
Microsoft Visual Studio Solution File, Format Version 12.00
# Visual Studio Version 17
VisualStudioVersion = 17.8.34330.188
MinimumVisualStudioVersion = 10.0.40219.1
Project("{FAE04EC0-301F-11D3-BF4B-00C04F79EFBC}") = "Linq Queries", "Linq Queries\Linq Queries.csproj", "{5610B1BD-D3D6-4B89-A584-6D07EFA30CC0}"
EndProject
Global
	GlobalSection(SolutionConfigurationPlatforms) = preSolution
		Debug|Any CPU = Debug|Any CPU
		Release|Any CPU = Release|Any CPU
	EndGlobalSection
	GlobalSection(ProjectConfigurationPlatforms) = postSolution
		{5610B1BD-D3D6-4B89-A584-6D07EFA30CC0}.Debug|Any CPU.ActiveCfg = Debug|Any CPU
		{5610B1BD-D3D6-4B89-A584-6D07EFA30CC0}.Debug|Any CPU.Build.0 = Debug|Any CPU
		{5610B1BD-D3D6-4B89-A584-6D07EFA30CC0}.Release|Any CPU.ActiveCfg = Release|Any CPU
		{5610B1BD-D3D6-4B89-A584-6D07EFA30CC0}.Release|Any CPU.Build.0 = Release|Any CPU
	EndGlobalSection
	GlobalSection(SolutionProperties) = preSolution
		HideSolutionNode = FALSE
	EndGlobalSection
	GlobalSection(ExtensibilityGlobals) = postSolution
		SolutionGuid = {88F2049B-7E22-47A9-8BBA-75621D74B6CD}
	EndGlobalSection
EndGlobal
