
Microsoft Visual Studio Solution File, Format Version 12.00
# Visual Studio Version 17
VisualStudioVersion = 17.8.34330.188
MinimumVisualStudioVersion = 10.0.40219.1
Project("{9A19103F-16F7-4668-BE54-9A1E7A4F7556}") = "MyProject", "MyProject(Автоматизация завода)\MyProject.csproj", "{7A28D860-B57A-4C5E-AEF3-ADC618D26116}"
EndProject
Global
	GlobalSection(SolutionConfigurationPlatforms) = preSolution
		Debug|Any CPU = Debug|Any CPU
		Release|Any CPU = Release|Any CPU
	EndGlobalSection
	GlobalSection(ProjectConfigurationPlatforms) = postSolution
		{7A28D860-B57A-4C5E-AEF3-ADC618D26116}.Debug|Any CPU.ActiveCfg = Debug|Any CPU
		{7A28D860-B57A-4C5E-AEF3-ADC618D26116}.Debug|Any CPU.Build.0 = Debug|Any CPU
		{7A28D860-B57A-4C5E-AEF3-ADC618D26116}.Release|Any CPU.ActiveCfg = Release|Any CPU
		{7A28D860-B57A-4C5E-AEF3-ADC618D26116}.Release|Any CPU.Build.0 = Release|Any CPU
	EndGlobalSection
	GlobalSection(SolutionProperties) = preSolution
		HideSolutionNode = FALSE
	EndGlobalSection
	GlobalSection(ExtensibilityGlobals) = postSolution
		SolutionGuid = {1CE965BB-7C1F-4B96-B322-66F50E02244A}
	EndGlobalSection
EndGlobal
