
Microsoft Visual Studio Solution File, Format Version 12.00
# Visual Studio Version 17
VisualStudioVersion = 17.8.34330.188
MinimumVisualStudioVersion = 10.0.40219.1
Project("{FAE04EC0-301F-11D3-BF4B-00C04F79EFBC}") = "HW2", "HW2\HW2.csproj", "{EB10A0E1-9636-47BB-884F-CE0D36810C9A}"
EndProject
Global
	GlobalSection(SolutionConfigurationPlatforms) = preSolution
		Debug|Any CPU = Debug|Any CPU
		Release|Any CPU = Release|Any CPU
	EndGlobalSection
	GlobalSection(ProjectConfigurationPlatforms) = postSolution
		{EB10A0E1-9636-47BB-884F-CE0D36810C9A}.Debug|Any CPU.ActiveCfg = Debug|Any CPU
		{EB10A0E1-9636-47BB-884F-CE0D36810C9A}.Debug|Any CPU.Build.0 = Debug|Any CPU
		{EB10A0E1-9636-47BB-884F-CE0D36810C9A}.Release|Any CPU.ActiveCfg = Release|Any CPU
		{EB10A0E1-9636-47BB-884F-CE0D36810C9A}.Release|Any CPU.Build.0 = Release|Any CPU
	EndGlobalSection
	GlobalSection(SolutionProperties) = preSolution
		HideSolutionNode = FALSE
	EndGlobalSection
	GlobalSection(ExtensibilityGlobals) = postSolution
		SolutionGuid = {F1EE0A4E-4B49-4123-ACD7-72852B4D97C6}
	EndGlobalSection
EndGlobal
