
Microsoft Visual Studio Solution File, Format Version 12.00
# Visual Studio Version 17
VisualStudioVersion = 17.9.34714.143
MinimumVisualStudioVersion = 10.0.40219.1
Project("{FAE04EC0-301F-11D3-BF4B-00C04F79EFBC}") = "MyFabric", "MyFabric\MyFabric.csproj", "{37B68A48-3146-4E99-9C40-3C03F1C1ACD8}"
EndProject
Global
	GlobalSection(SolutionConfigurationPlatforms) = preSolution
		Debug|Any CPU = Debug|Any CPU
		Release|Any CPU = Release|Any CPU
	EndGlobalSection
	GlobalSection(ProjectConfigurationPlatforms) = postSolution
		{37B68A48-3146-4E99-9C40-3C03F1C1ACD8}.Debug|Any CPU.ActiveCfg = Debug|Any CPU
		{37B68A48-3146-4E99-9C40-3C03F1C1ACD8}.Debug|Any CPU.Build.0 = Debug|Any CPU
		{37B68A48-3146-4E99-9C40-3C03F1C1ACD8}.Release|Any CPU.ActiveCfg = Release|Any CPU
		{37B68A48-3146-4E99-9C40-3C03F1C1ACD8}.Release|Any CPU.Build.0 = Release|Any CPU
	EndGlobalSection
	GlobalSection(SolutionProperties) = preSolution
		HideSolutionNode = FALSE
	EndGlobalSection
	GlobalSection(ExtensibilityGlobals) = postSolution
		SolutionGuid = {30F056AD-7C5A-4F6F-A715-9469C0CF2F3C}
	EndGlobalSection
EndGlobal
