
Microsoft Visual Studio Solution File, Format Version 12.00
# Visual Studio Version 17
VisualStudioVersion = 17.8.34330.188
MinimumVisualStudioVersion = 10.0.40219.1
Project("{FAE04EC0-301F-11D3-BF4B-00C04F79EFBC}") = "CollectionsAndLinq", "CollectionsAndLinq\CollectionsAndLinq.csproj", "{972B19FD-2358-4829-8ED1-3AE4FAD9D52D}"
EndProject
Global
	GlobalSection(SolutionConfigurationPlatforms) = preSolution
		Debug|Any CPU = Debug|Any CPU
		Release|Any CPU = Release|Any CPU
	EndGlobalSection
	GlobalSection(ProjectConfigurationPlatforms) = postSolution
		{972B19FD-2358-4829-8ED1-3AE4FAD9D52D}.Debug|Any CPU.ActiveCfg = Debug|Any CPU
		{972B19FD-2358-4829-8ED1-3AE4FAD9D52D}.Debug|Any CPU.Build.0 = Debug|Any CPU
		{972B19FD-2358-4829-8ED1-3AE4FAD9D52D}.Release|Any CPU.ActiveCfg = Release|Any CPU
		{972B19FD-2358-4829-8ED1-3AE4FAD9D52D}.Release|Any CPU.Build.0 = Release|Any CPU
	EndGlobalSection
	GlobalSection(SolutionProperties) = preSolution
		HideSolutionNode = FALSE
	EndGlobalSection
	GlobalSection(ExtensibilityGlobals) = postSolution
		SolutionGuid = {9CC2F920-47AF-4171-B653-BA729A8C6DE0}
	EndGlobalSection
EndGlobal
